
Microsoft Visual Studio Solution File, Format Version 12.00
# Visual Studio Version 16
VisualStudioVersion = 16.0.31019.35
MinimumVisualStudioVersion = 10.0.40219.1
Project("{9A19103F-16F7-4668-BE54-9A1E7A4F7556}") = "NetCoreApiProject", "NetCoreApiProject\NetCoreApiProject.csproj", "{17626F02-776B-4FFC-8057-1916BD684627}"
EndProject
Project("{9A19103F-16F7-4668-BE54-9A1E7A4F7556}") = "_01.Delegate", "Delegate1\_01.Delegate.csproj", "{C0054C74-9AF1-433A-AA4F-D0A11C5E1A72}"
EndProject
Project("{FAE04EC0-301F-11D3-BF4B-00C04F79EFBC}") = "_03.ActionDelegates", "_03.ActionDelegates\_03.ActionDelegates.csproj", "{668BC4AA-13B1-4FE5-A201-62BB64C3C191}"
EndProject
Global
	GlobalSection(SolutionConfigurationPlatforms) = preSolution
		Debug|Any CPU = Debug|Any CPU
		Release|Any CPU = Release|Any CPU
	EndGlobalSection
	GlobalSection(ProjectConfigurationPlatforms) = postSolution
		{17626F02-776B-4FFC-8057-1916BD684627}.Debug|Any CPU.ActiveCfg = Debug|Any CPU
		{17626F02-776B-4FFC-8057-1916BD684627}.Debug|Any CPU.Build.0 = Debug|Any CPU
		{17626F02-776B-4FFC-8057-1916BD684627}.Release|Any CPU.ActiveCfg = Release|Any CPU
		{17626F02-776B-4FFC-8057-1916BD684627}.Release|Any CPU.Build.0 = Release|Any CPU
		{C0054C74-9AF1-433A-AA4F-D0A11C5E1A72}.Debug|Any CPU.ActiveCfg = Debug|Any CPU
		{C0054C74-9AF1-433A-AA4F-D0A11C5E1A72}.Debug|Any CPU.Build.0 = Debug|Any CPU
		{C0054C74-9AF1-433A-AA4F-D0A11C5E1A72}.Release|Any CPU.ActiveCfg = Release|Any CPU
		{C0054C74-9AF1-433A-AA4F-D0A11C5E1A72}.Release|Any CPU.Build.0 = Release|Any CPU
		{668BC4AA-13B1-4FE5-A201-62BB64C3C191}.Debug|Any CPU.ActiveCfg = Debug|Any CPU
		{668BC4AA-13B1-4FE5-A201-62BB64C3C191}.Debug|Any CPU.Build.0 = Debug|Any CPU
		{668BC4AA-13B1-4FE5-A201-62BB64C3C191}.Release|Any CPU.ActiveCfg = Release|Any CPU
		{668BC4AA-13B1-4FE5-A201-62BB64C3C191}.Release|Any CPU.Build.0 = Release|Any CPU
	EndGlobalSection
	GlobalSection(SolutionProperties) = preSolution
		HideSolutionNode = FALSE
	EndGlobalSection
	GlobalSection(ExtensibilityGlobals) = postSolution
		SolutionGuid = {D9520D0B-DD99-4DC3-B490-79F92A0C8153}
	EndGlobalSection
EndGlobal
